
Microsoft Visual Studio Solution File, Format Version 12.00
# Visual Studio Version 17
VisualStudioVersion = 17.11.35312.102
MinimumVisualStudioVersion = 10.0.40219.1
Project("{FAE04EC0-301F-11D3-BF4B-00C04F79EFBC}") = "AeroTECH", "AeroTECH\AeroTECH.csproj", "{F34F7DF8-9BDA-4675-87BB-D80FED10A452}"
EndProject
Global
	GlobalSection(SolutionConfigurationPlatforms) = preSolution
		Debug|Any CPU = Debug|Any CPU
		Release|Any CPU = Release|Any CPU
	EndGlobalSection
	GlobalSection(ProjectConfigurationPlatforms) = postSolution
		{F34F7DF8-9BDA-4675-87BB-D80FED10A452}.Debug|Any CPU.ActiveCfg = Debug|Any CPU
		{F34F7DF8-9BDA-4675-87BB-D80FED10A452}.Debug|Any CPU.Build.0 = Debug|Any CPU
		{F34F7DF8-9BDA-4675-87BB-D80FED10A452}.Release|Any CPU.ActiveCfg = Release|Any CPU
		{F34F7DF8-9BDA-4675-87BB-D80FED10A452}.Release|Any CPU.Build.0 = Release|Any CPU
	EndGlobalSection
	GlobalSection(SolutionProperties) = preSolution
		HideSolutionNode = FALSE
	EndGlobalSection
	GlobalSection(ExtensibilityGlobals) = postSolution
		SolutionGuid = {3B2C000D-2932-4A22-A49A-9DDFC4CC8C7C}
	EndGlobalSection
EndGlobal
